// !$*UTF8*$!
{
	archiveVersion = 1;
	classes = {
	};
	objectVersion = 46;
	objects = {

/* Begin PBXBuildFile section */
		341C30341F6A4C18003171ED /* DetailViewController.swift in Sources */ = {isa = PBXBuildFile; fileRef = 341C30331F6A4C18003171ED /* DetailViewController.swift */; };
		341C30361F6A4E35003171ED /* image.jpg in Resources */ = {isa = PBXBuildFile; fileRef = 341C30351F6A4E35003171ED /* image.jpg */; };
		341C30381F6A4E82003171ED /* dit.jpg in Resources */ = {isa = PBXBuildFile; fileRef = 341C30371F6A4E82003171ED /* dit.jpg */; };
		341C303A1F6A5997003171ED /* abab.jpg in Resources */ = {isa = PBXBuildFile; fileRef = 341C30391F6A5997003171ED /* abab.jpg */; };
		344A0C631F57D50C00B56693 /* AppDelegate.swift in Sources */ = {isa = PBXBuildFile; fileRef = 344A0C621F57D50C00B56693 /* AppDelegate.swift */; };
		344A0C651F57D50C00B56693 /* ViewController.swift in Sources */ = {isa = PBXBuildFile; fileRef = 344A0C641F57D50C00B56693 /* ViewController.swift */; };
		344A0C681F57D50C00B56693 /* Main.storyboard in Resources */ = {isa = PBXBuildFile; fileRef = 344A0C661F57D50C00B56693 /* Main.storyboard */; };
		344A0C6A1F57D50C00B56693 /* Assets.xcassets in Resources */ = {isa = PBXBuildFile; fileRef = 344A0C691F57D50C00B56693 /* Assets.xcassets */; };
		344A0C6D1F57D50C00B56693 /* LaunchScreen.storyboard in Resources */ = {isa = PBXBuildFile; fileRef = 344A0C6B1F57D50C00B56693 /* LaunchScreen.storyboard */; };
		344A0C761F57D66100B56693 /* MapKit.framework in Frameworks */ = {isa = PBXBuildFile; fileRef = 344A0C751F57D66100B56693 /* MapKit.framework */; };
		349940CD1F5E49C100241402 /* abc.jpg in Resources */ = {isa = PBXBuildFile; fileRef = 349940CC1F5E49C100241402 /* abc.jpg */; };
/* End PBXBuildFile section */

/* Begin PBXFileReference section */
		341C30331F6A4C18003171ED /* DetailViewController.swift */ = {isa = PBXFileReference; fileEncoding = 4; lastKnownFileType = sourcecode.swift; name = DetailViewController.swift; path = ../DetailViewController.swift; sourceTree = "<group>"; };
		341C30351F6A4E35003171ED /* image.jpg */ = {isa = PBXFileReference; lastKnownFileType = image.jpeg; name = image.jpg; path = ../../../image.jpg; sourceTree = "<group>"; };
		341C30371F6A4E82003171ED /* dit.jpg */ = {isa = PBXFileReference; lastKnownFileType = image.jpeg; name = dit.jpg; path = ../../../dit.jpg; sourceTree = "<group>"; };
		341C30391F6A5997003171ED /* abab.jpg */ = {isa = PBXFileReference; lastKnownFileType = image.jpeg; name = abab.jpg; path = ../../../abab.jpg; sourceTree = "<group>"; };
		344A0C5F1F57D50B00B56693 /* DITMap.app */ = {isa = PBXFileReference; explicitFileType = wrapper.application; includeInIndex = 0; path = DITMap.app; sourceTree = BUILT_PRODUCTS_DIR; };
		344A0C621F57D50C00B56693 /* AppDelegate.swift */ = {isa = PBXFileReference; lastKnownFileType = sourcecode.swift; path = AppDelegate.swift; sourceTree = "<group>"; };
		344A0C641F57D50C00B56693 /* ViewController.swift */ = {isa = PBXFileReference; lastKnownFileType = sourcecode.swift; path = ViewController.swift; sourceTree = "<group>"; };
		344A0C671F57D50C00B56693 /* Base */ = {isa = PBXFileReference; lastKnownFileType = file.storyboard; name = Base; path = Base.lproj/Main.storyboard; sourceTree = "<group>"; };
		344A0C691F57D50C00B56693 /* Assets.xcassets */ = {isa = PBXFileReference; lastKnownFileType = folder.assetcatalog; path = Assets.xcassets; sourceTree = "<group>"; };
		344A0C6C1F57D50C00B56693 /* Base */ = {isa = PBXFileReference; lastKnownFileType = file.storyboard; name = Base; path = Base.lproj/LaunchScreen.storyboard; sourceTree = "<group>"; };
		344A0C6E1F57D50C00B56693 /* Info.plist */ = {isa = PBXFileReference; lastKnownFileType = text.plist.xml; path = Info.plist; sourceTree = "<group>"; };
		344A0C751F57D66100B56693 /* MapKit.framework */ = {isa = PBXFileReference; lastKnownFileType = wrapper.framework; name = MapKit.framework; path = System/Library/Frameworks/MapKit.framework; sourceTree = SDKROOT; };
		349940CC1F5E49C100241402 /* abc.jpg */ = {isa = PBXFileReference; lastKnownFileType = image.jpeg; name = abc.jpg; path = ../../../../Downloads/abc.jpg; sourceTree = "<group>"; };
/* End PBXFileReference section */

/* Begin PBXFrameworksBuildPhase section */
		344A0C5C1F57D50B00B56693 /* Frameworks */ = {
			isa = PBXFrameworksBuildPhase;
			buildActionMask = 2147483647;
			files = (
				344A0C761F57D66100B56693 /* MapKit.framework in Frameworks */,
			);
			runOnlyForDeploymentPostprocessing = 0;
		};
/* End PBXFrameworksBuildPhase section */

/* Begin PBXGroup section */
		344A0C561F57D50B00B56693 = {
			isa = PBXGroup;
			children = (
				344A0C611F57D50C00B56693 /* DITMap */,
				344A0C601F57D50B00B56693 /* Products */,
				344A0C741F57D66100B56693 /* Frameworks */,
			);
			sourceTree = "<group>";
		};
		344A0C601F57D50B00B56693 /* Products */ = {
			isa = PBXGroup;
			children = (
				344A0C5F1F57D50B00B56693 /* DITMap.app */,
			);
			name = Products;
			sourceTree = "<group>";
		};
		344A0C611F57D50C00B56693 /* DITMap */ = {
			isa = PBXGroup;
			children = (
				341C30391F6A5997003171ED /* abab.jpg */,
				341C30371F6A4E82003171ED /* dit.jpg */,
				341C30351F6A4E35003171ED /* image.jpg */,
				349940CC1F5E49C100241402 /* abc.jpg */,
				344A0C621F57D50C00B56693 /* AppDelegate.swift */,
				344A0C641F57D50C00B56693 /* ViewController.swift */,
				341C30331F6A4C18003171ED /* DetailViewController.swift */,
				344A0C661F57D50C00B56693 /* Main.storyboard */,
				344A0C691F57D50C00B56693 /* Assets.xcassets */,
				344A0C6B1F57D50C00B56693 /* LaunchScreen.storyboard */,
				344A0C6E1F57D50C00B56693 /* Info.plist */,
			);
			path = DITMap;
			sourceTree = "<group>";
		};
		344A0C741F57D66100B56693 /* Frameworks */ = {
			isa = PBXGroup;
			children = (
				344A0C751F57D66100B56693 /* MapKit.framework */,
			);
			name = Frameworks;
			sourceTree = "<group>";
		};
/* End PBXGroup section */

/* Begin PBXNativeTarget section */
		344A0C5E1F57D50B00B56693 /* DITMap */ = {
			isa = PBXNativeTarget;
			buildConfigurationList = 344A0C711F57D50C00B56693 /* Build configuration list for PBXNativeTarget "DITMap" */;
			buildPhases = (
				344A0C5B1F57D50B00B56693 /* Sources */,
				344A0C5C1F57D50B00B56693 /* Frameworks */,
				344A0C5D1F57D50B00B56693 /* Resources */,
			);
			buildRules = (
			);
			dependencies = (
			);
			name = DITMap;
			productName = DITMap;
			productReference = 344A0C5F1F57D50B00B56693 /* DITMap.app */;
			productType = "com.apple.product-type.application";
		};
/* End PBXNativeTarget section */

/* Begin PBXProject section */
		344A0C571F57D50B00B56693 /* Project object */ = {
			isa = PBXProject;
			attributes = {
				LastSwiftUpdateCheck = 0830;
				LastUpgradeCheck = 0830;
				ORGANIZATIONNAME = KangMinWoo;
				TargetAttributes = {
					344A0C5E1F57D50B00B56693 = {
						CreatedOnToolsVersion = 8.3.3;
						ProvisioningStyle = Automatic;
					};
				};
			};
			buildConfigurationList = 344A0C5A1F57D50B00B56693 /* Build configuration list for PBXProject "DITMap" */;
			compatibilityVersion = "Xcode 3.2";
			developmentRegion = English;
			hasScannedForEncodings = 0;
			knownRegions = (
				en,
				Base,
			);
			mainGroup = 344A0C561F57D50B00B56693;
			productRefGroup = 344A0C601F57D50B00B56693 /* Products */;
			projectDirPath = "";
			projectRoot = "";
			targets = (
				344A0C5E1F57D50B00B56693 /* DITMap */,
			);
		};
/* End PBXProject section */

/* Begin PBXResourcesBuildPhase section */
		344A0C5D1F57D50B00B56693 /* Resources */ = {
			isa = PBXResourcesBuildPhase;
			buildActionMask = 2147483647;
			files = (
				349940CD1F5E49C100241402 /* abc.jpg in Resources */,
				344A0C6D1F57D50C00B56693 /* LaunchScreen.storyboard in Resources */,
				344A0C6A1F57D50C00B56693 /* Assets.xcassets in Resources */,
				341C30381F6A4E82003171ED /* dit.jpg in Resources */,
				341C303A1F6A5997003171ED /* abab.jpg in Resources */,
				344A0C681F57D50C00B56693 /* Main.storyboard in Resources */,
				341C30361F6A4E35003171ED /* image.jpg in Resources */,
			);
			runOnlyForDeploymentPostprocessing = 0;
		};
/* End PBXResourcesBuildPhase section */

/* Begin PBXSourcesBuildPhase section */
		344A0C5B1F57D50B00B56693 /* Sources */ = {
			isa = PBXSourcesBuildPhase;
			buildActionMask = 2147483647;
			files = (
				341C30341F6A4C18003171ED /* DetailViewController.swift in Sources */,
				344A0C651F57D50C00B56693 /* ViewController.swift in Sources */,
				344A0C631F57D50C00B56693 /* AppDelegate.swift in Sources */,
			);
			runOnlyForDeploymentPostprocessing = 0;
		};
/* End PBXSourcesBuildPhase section */

/* Begin PBXVariantGroup section */
		344A0C661F57D50C00B56693 /* Main.storyboard */ = {
			isa = PBXVariantGroup;
			children = (
				344A0C671F57D50C00B56693 /* Base */,
			);
			name = Main.storyboard;
			sourceTree = "<group>";
		};
		344A0C6B1F57D50C00B56693 /* LaunchScreen.storyboard */ = {
			isa = PBXVariantGroup;
			children = (
				344A0C6C1F57D50C00B56693 /* Base */,
			);
			name = LaunchScreen.storyboard;
			sourceTree = "<group>";
		};
/* End PBXVariantGroup section */

/* Begin XCBuildConfiguration section */
		344A0C6F1F57D50C00B56693 /* Debug */ = {
			isa = XCBuildConfiguration;
			buildSettings = {
				ALWAYS_SEARCH_USER_PATHS = NO;
				CLANG_ANALYZER_NONNULL = YES;
				CLANG_ANALYZER_NUMBER_OBJECT_CONVERSION = YES_AGGRESSIVE;
				CLANG_CXX_LANGUAGE_STANDARD = "gnu++0x";
				CLANG_CXX_LIBRARY = "libc++";
				CLANG_ENABLE_MODULES = YES;
				CLANG_ENABLE_OBJC_ARC = YES;
				CLANG_WARN_BOOL_CONVERSION = YES;
				CLANG_WARN_CONSTANT_CONVERSION = YES;
				CLANG_WARN_DIRECT_OBJC_ISA_USAGE = YES_ERROR;
				CLANG_WARN_DOCUMENTATION_COMMENTS = YES;
				CLANG_WARN_EMPTY_BODY = YES;
				CLANG_WARN_ENUM_CONVERSION = YES;
				CLANG_WARN_INFINITE_RECURSION = YES;
				CLANG_WARN_INT_CONVERSION = YES;
				CLANG_WARN_OBJC_ROOT_CLASS = YES_ERROR;
				CLANG_WARN_SUSPICIOUS_MOVE = YES;
				CLANG_WARN_UNREACHABLE_CODE = YES;
				CLANG_WARN__DUPLICATE_METHOD_MATCH = YES;
				"CODE_SIGN_IDENTITY[sdk=iphoneos*]" = "iPhone Developer";
				COPY_PHASE_STRIP = NO;
				DEBUG_INFORMATION_FORMAT = dwarf;
				ENABLE_STRICT_OBJC_MSGSEND = YES;
				ENABLE_TESTABILITY = YES;
				GCC_C_LANGUAGE_STANDARD = gnu99;
				GCC_DYNAMIC_NO_PIC = NO;
				GCC_NO_COMMON_BLOCKS = YES;
				GCC_OPTIMIZATION_LEVEL = 0;
				GCC_PREPROCESSOR_DEFINITIONS = (
					"DEBUG=1",
					"$(inherited)",
				);
				GCC_WARN_64_TO_32_BIT_CONVERSION = YES;
				GCC_WARN_ABOUT_RETURN_TYPE = YES_ERROR;
				GCC_WARN_UNDECLARED_SELECTOR = YES;
				GCC_WARN_UNINITIALIZED_AUTOS = YES_AGGRESSIVE;
				GCC_WARN_UNUSED_FUNCTION = YES;
				GCC_WARN_UNUSED_VARIABLE = YES;
				IPHONEOS_DEPLOYMENT_TARGET = 10.3;
				MTL_ENABLE_DEBUG_INFO = YES;
				ONLY_ACTIVE_ARCH = YES;
				SDKROOT = iphoneos;
				SWIFT_ACTIVE_COMPILATION_CONDITIONS = DEBUG;
				SWIFT_OPTIMIZATION_LEVEL = "-Onone";
			};
			name = Debug;
		};
		344A0C701F57D50C00B56693 /* Release */ = {
			isa = XCBuildConfiguration;
			buildSettings = {
				ALWAYS_SEARCH_USER_PATHS = NO;
				CLANG_ANALYZER_NONNULL = YES;
				CLANG_ANALYZER_NUMBER_OBJECT_CONVERSION = YES_AGGRESSIVE;
				CLANG_CXX_LANGUAGE_STANDARD = "gnu++0x";
				CLANG_CXX_LIBRARY = "libc++";
				CLANG_ENABLE_MODULES = YES;
				CLANG_ENABLE_OBJC_ARC = YES;
				CLANG_WARN_BOOL_CONVERSION = YES;
				CLANG_WARN_CONSTANT_CONVERSION = YES;
				CLANG_WARN_DIRECT_OBJC_ISA_USAGE = YES_ERROR;
				CLANG_WARN_DOCUMENTATION_COMMENTS = YES;
				CLANG_WARN_EMPTY_BODY = YES;
				CLANG_WARN_ENUM_CONVERSION = YES;
				CLANG_WARN_INFINITE_RECURSION = YES;
				CLANG_WARN_INT_CONVERSION = YES;
				CLANG_WARN_OBJC_ROOT_CLASS = YES_ERROR;
				CLANG_WARN_SUSPICIOUS_MOVE = YES;
				CLANG_WARN_UNREACHABLE_CODE = YES;
				CLANG_WARN__DUPLICATE_METHOD_MATCH = YES;
				"CODE_SIGN_IDENTITY[sdk=iphoneos*]" = "iPhone Developer";
				COPY_PHASE_STRIP = NO;
				DEBUG_INFORMATION_FORMAT = "dwarf-with-dsym";
				ENABLE_NS_ASSERTIONS = NO;
				ENABLE_STRICT_OBJC_MSGSEND = YES;
				GCC_C_LANGUAGE_STANDARD = gnu99;
				GCC_NO_COMMON_BLOCKS = YES;
				GCC_WARN_64_TO_32_BIT_CONVERSION = YES;
				GCC_WARN_ABOUT_RETURN_TYPE = YES_ERROR;
				GCC_WARN_UNDECLARED_SELECTOR = YES;
				GCC_WARN_UNINITIALIZED_AUTOS = YES_AGGRESSIVE;
				GCC_WARN_UNUSED_FUNCTION = YES;
				GCC_WARN_UNUSED_VARIABLE = YES;
				IPHONEOS_DEPLOYMENT_TARGET = 10.3;
				MTL_ENABLE_DEBUG_INFO = NO;
				SDKROOT = iphoneos;
				SWIFT_OPTIMIZATION_LEVEL = "-Owholemodule";
				VALIDATE_PRODUCT = YES;
			};
			name = Release;
		};
		344A0C721F57D50C00B56693 /* Debug */ = {
			isa = XCBuildConfiguration;
			buildSettings = {
				ASSETCATALOG_COMPILER_APPICON_NAME = AppIcon;
				INFOPLIST_FILE = DITMap/Info.plist;
				LD_RUNPATH_SEARCH_PATHS = "$(inherited) @executable_path/Frameworks";
				PRODUCT_BUNDLE_IDENTIFIER = ffcfdeev.DITMap;
				PRODUCT_NAME = "$(TARGET_NAME)";
				SWIFT_VERSION = 3.0;
			};
			name = Debug;
		};
		344A0C731F57D50C00B56693 /* Release */ = {
			isa = XCBuildConfiguration;
			buildSettings = {
				ASSETCATALOG_COMPILER_APPICON_NAME = AppIcon;
				INFOPLIST_FILE = DITMap/Info.plist;
				LD_RUNPATH_SEARCH_PATHS = "$(inherited) @executable_path/Frameworks";
				PRODUCT_BUNDLE_IDENTIFIER = ffcfdeev.DITMap;
				PRODUCT_NAME = "$(TARGET_NAME)";
				SWIFT_VERSION = 3.0;
			};
			name = Release;
		};
/* End XCBuildConfiguration section */

/* Begin XCConfigurationList section */
		344A0C5A1F57D50B00B56693 /* Build configuration list for PBXProject "DITMap" */ = {
			isa = XCConfigurationList;
			buildConfigurations = (
				344A0C6F1F57D50C00B56693 /* Debug */,
				344A0C701F57D50C00B56693 /* Release */,
			);
			defaultConfigurationIsVisible = 0;
			defaultConfigurationName = Release;
		};
		344A0C711F57D50C00B56693 /* Build configuration list for PBXNativeTarget "DITMap" */ = {
			isa = XCConfigurationList;
			buildConfigurations = (
				344A0C721F57D50C00B56693 /* Debug */,
				344A0C731F57D50C00B56693 /* Release */,
			);
			defaultConfigurationIsVisible = 0;
			defaultConfigurationName = Release;
		};
/* End XCConfigurationList section */
	};
	rootObject = 344A0C571F57D50B00B56693 /* Project object */;
}
